# THIS IS AN AUTOGENERATED FILE. DO NOT EDIT THIS FILE DIRECTLY.
# yarn lockfile v1

axios@^1.6.0:
  version "1.6.0"
  resolved "https://registry.yarnpkg.com/axios/-/axios-1.6.0.tgz#b6670ba6932526d15d6da8579d6d8a94ca5eb74f"
  integrity sha512-EZ3DYlVsm4mLAh/Ag3+xx7C/AB+jSxQcW2p4ROCMoIIhHX2vGK9BGcUAhzXhOrN5th+6f8gQKvA0khhpOe6muHA==
  dependencies:
    follow-redirects "^1.15.0"
    form-data "^4.0.0"
    proxy-from-env "^1.1.0"

cheerio@^1.0.0-rc.12:
  version "1.0.0-rc.12"
  resolved "https://registry.yarnpkg.com/cheerio/-/cheerio-1.0.0-rc.12.tgz#8b88553173965c7a3d62a0383763bb24cd63c17d"
  integrity sha512-VqR8f68mtUM+S2Wr2tReGBfJKdQ/2bfMLIs0zx4hqJVOhNRgFzPYJiflgcB4FLfgNVIlq9wJvPp1luacZXe+V+g==
  dependencies:
    cheerio-select "^2.1.0"
    dom-serializer "^2.0.0"
    domhandler "^5.0.3"
    domutils "^3.0.1"
    htmlparser2 "^8.0.1"
    parse5 "^7.0.0"
    parse5-htmlparser2-tree-adapter "^7.0.0"

moment@^2.29.4:
  version "2.29.4"
  resolved "https://registry.yarnpkg.com/moment/-/moment-2.29.4.tgz#3dbe052889fe7c4b1582a9a6ebc8e445f98ee6fe"
  integrity sha512-5LC9SOxjSc2HF6vO2CyuTDNivEdoz2IvyJJGj6X8DJ0eF2fszG0HGZolXV6TMX1l16Z3qy1pSCiRQXv+U079Xw==

nodemailer@^6.9.0:
  version "6.9.0"
  resolved "https://registry.yarnpkg.com/nodemailer/-/nodemailer-6.9.0.tgz#b924c3ac72a116f18b10b2cf2d62960c3a4f64e8"
  integrity sha512-rnRNDjeIMpaampDpfKKTXX3zHKKMNgSqYAwObcTj8gmJFImmwIh5A5EoP4DErruZhV+5VbjjMmDM+1LuCqgqOA==
  engines:
    node: ">=6.0.0"